Microsoft Visual Studio Solution File, Format Version 12.00
# Visual Studio Version 17
VisualStudioVersion = 17.5.2.0
MinimumVisualStudioVersion = 10.0.40219.1
Project("{2150E333-8FDC-42A3-9474-1A3956D46DE8}") = "src", "src", "{827E0CD3-B72D-47B6-A68D-7590B98EB39B}"
EndProject
Project("{FAE04EC0-301F-11D3-BF4B-00C04F79EFBC}") = "AudioEngine", "src\AudioEngine\AudioEngine.csproj", "{BDB43A3A-7249-7FA6-E1AE-2EB58AEFAFDA}"
EndProject
Global
	GlobalSection(SolutionConfigurationPlatforms) = preSolution
		Debug|Any CPU = Debug|Any CPU
		Release|Any CPU = Release|Any CPU
	EndGlobalSection
	GlobalSection(ProjectConfigurationPlatforms) = postSolution
		{BDB43A3A-7249-7FA6-E1AE-2EB58AEFAFDA}.Debug|Any CPU.ActiveCfg = Debug|Any CPU
		{BDB43A3A-7249-7FA6-E1AE-2EB58AEFAFDA}.Debug|Any CPU.Build.0 = Debug|Any CPU
		{BDB43A3A-7249-7FA6-E1AE-2EB58AEFAFDA}.Release|Any CPU.ActiveCfg = Release|Any CPU
		{BDB43A3A-7249-7FA6-E1AE-2EB58AEFAFDA}.Release|Any CPU.Build.0 = Release|Any CPU
	EndGlobalSection
	GlobalSection(SolutionProperties) = preSolution
		HideSolutionNode = FALSE
	EndGlobalSection
	GlobalSection(NestedProjects) = preSolution
		{BDB43A3A-7249-7FA6-E1AE-2EB58AEFAFDA} = {827E0CD3-B72D-47B6-A68D-7590B98EB39B}
	EndGlobalSection
	GlobalSection(ExtensibilityGlobals) = postSolution
		SolutionGuid = {753F8077-F83C-42C9-A35F-05524C383CFE}
	EndGlobalSection
EndGlobal
